dependencies:
- name: kube-lego
  repository: https://kubernetes-charts.storage.googleapis.com
  version: 0.4.2
- name: nginx-ingress
  repository: https://kubernetes-charts.storage.googleapis.com
  version: 0.20.3
- name: mysqlha
  repository: https://releases.mattermost.com/helm/mysqlha
  version: 0.2.2
- name: minio
  repository: https://kubernetes-charts.storage.googleapis.com
  version: 1.3.4
- name: prometheus
  repository: https://kubernetes-charts.storage.googleapis.com
  version: 6.7.4
digest: sha256:d63cf481ab8aef7520944821bcdd7c227c3f90338f7ce6be2705ba9d4bb53521
generated: 2018-06-21T19:21:06.839602524+02:00
