dependencies:
- name: kube-lego
  repository: https://kubernetes-charts.storage.googleapis.com
  version: 0.4.0
- name: nginx-ingress
  repository: https://kubernetes-charts.storage.googleapis.com
  version: 0.17.1
- name: mysqlha
  repository: https://kubernetes-charts-incubator.storage.googleapis.com
  version: 0.2.1
- name: minio
  repository: https://kubernetes-charts.storage.googleapis.com
  version: 1.3.0
digest: sha256:b31ae1cc38a547879c7f5050e44d2b2f4458e87f6b1532c1218fbcfa7864e77b
generated: 2018-05-31T15:56:34.659052355+02:00
