dependencies:
- name: kube-lego
  repository: https://kubernetes-charts.storage.googleapis.com
  version: 0.4.0
- name: nginx-ingress
  repository: https://kubernetes-charts.storage.googleapis.com
  version: 0.17.1
- name: mysqlha
  repository: https://releases.mattermost.com/helm/mysqlha
  version: 0.2.2
- name: minio
  repository: https://kubernetes-charts.storage.googleapis.com
  version: 1.3.0
- name: prometheus
  repository: https://kubernetes-charts.storage.googleapis.com
  version: 6.7.0
digest: sha256:95c64714a1d0d6b6931aa050483bed8eeeb27d45b69736ad0c584ca16e401e3a
generated: 2018-06-05T15:50:14.629830134-04:00
