dependencies:
- name: mysqlha
  repository: https://kubernetes-charts-incubator.storage.googleapis.com
  version: 2.0.0
- name: minio
  repository: https://kubernetes-charts.storage.googleapis.com
  version: 5.0.26
- name: prometheus
  repository: https://kubernetes-charts.storage.googleapis.com
  version: 11.4.0
digest: sha256:c0daace187ec1da07c375a07dbb3d9cb16261d47e6f080ddb2aa744db0d724da
generated: "2020-06-09T14:19:29.905177+02:00"
