dependencies:
- name: mysqlha
  repository: https://charts.helm.sh/incubator
  version: 2.0.0
- name: minio
  repository: https://charts.helm.sh/stable
  version: 5.0.26
- name: prometheus
  repository: https://charts.helm.sh/stable
  version: 11.4.0
digest: sha256:166598e7cb93d922f76863fb5d11263c596cd3120c868eb6c380fa4d681a4e1a
generated: "2020-11-12T16:20:05.612311+01:00"
